
Microsoft Visual Studio Solution File, Format Version 12.00
# Visual Studio Version 17
VisualStudioVersion = 17.0.31903.59
MinimumVisualStudioVersion = 10.0.40219.1
Project("{2150E333-8FDC-42A3-9474-1A3956D46DE8}") = "src", "src", "{7680F6F8-CAC3-49AD-A4BD-FF652B1A8B95}"
EndProject
Project("{FAE04EC0-301F-11D3-BF4B-00C04F79EFBC}") = "CertManager", "src\CertManager\CertManager.csproj", "{0B371D72-EECE-4874-AC01-0E1B44AC90E5}"
EndProject
Project("{FAE04EC0-301F-11D3-BF4B-00C04F79EFBC}") = "CertManagerClient", "src\CertManagerClient\CertManagerClient.csproj", "{FBA2565E-610E-4094-B006-BD58EFC7E96A}"
EndProject
Project("{FAE04EC0-301F-11D3-BF4B-00C04F79EFBC}") = "CertManagerTest", "src\CertManagerTest\CertManagerTest.csproj", "{5F8F0320-8526-4E29-91EF-BE1AF563E5C5}"
EndProject
Project("{FAE04EC0-301F-11D3-BF4B-00C04F79EFBC}") = "CertManagerAgent", "src\CertManagerAgent\CertManagerAgent.csproj", "{58AF3CD6-6A18-45A5-B1E5-98645B63EB6E}"
EndProject
Project("{FAE04EC0-301F-11D3-BF4B-00C04F79EFBC}") = "CertManagerAgentTest", "src\CertManagerAgentTest\CertManagerAgentTest.csproj", "{2AF54423-B022-443F-8088-FD46A1295F29}"
EndProject
Global
	GlobalSection(SolutionConfigurationPlatforms) = preSolution
		Debug|Any CPU = Debug|Any CPU
		Release|Any CPU = Release|Any CPU
	EndGlobalSection
	GlobalSection(SolutionProperties) = preSolution
		HideSolutionNode = FALSE
	EndGlobalSection
	GlobalSection(ProjectConfigurationPlatforms) = postSolution
		{0B371D72-EECE-4874-AC01-0E1B44AC90E5}.Debug|Any CPU.ActiveCfg = Debug|Any CPU
		{0B371D72-EECE-4874-AC01-0E1B44AC90E5}.Debug|Any CPU.Build.0 = Debug|Any CPU
		{0B371D72-EECE-4874-AC01-0E1B44AC90E5}.Release|Any CPU.ActiveCfg = Release|Any CPU
		{0B371D72-EECE-4874-AC01-0E1B44AC90E5}.Release|Any CPU.Build.0 = Release|Any CPU
		{FBA2565E-610E-4094-B006-BD58EFC7E96A}.Debug|Any CPU.ActiveCfg = Debug|Any CPU
		{FBA2565E-610E-4094-B006-BD58EFC7E96A}.Debug|Any CPU.Build.0 = Debug|Any CPU
		{FBA2565E-610E-4094-B006-BD58EFC7E96A}.Release|Any CPU.ActiveCfg = Release|Any CPU
		{FBA2565E-610E-4094-B006-BD58EFC7E96A}.Release|Any CPU.Build.0 = Release|Any CPU
		{5F8F0320-8526-4E29-91EF-BE1AF563E5C5}.Debug|Any CPU.ActiveCfg = Debug|Any CPU
		{5F8F0320-8526-4E29-91EF-BE1AF563E5C5}.Debug|Any CPU.Build.0 = Debug|Any CPU
		{5F8F0320-8526-4E29-91EF-BE1AF563E5C5}.Release|Any CPU.ActiveCfg = Release|Any CPU
		{5F8F0320-8526-4E29-91EF-BE1AF563E5C5}.Release|Any CPU.Build.0 = Release|Any CPU
		{58AF3CD6-6A18-45A5-B1E5-98645B63EB6E}.Debug|Any CPU.ActiveCfg = Debug|Any CPU
		{58AF3CD6-6A18-45A5-B1E5-98645B63EB6E}.Debug|Any CPU.Build.0 = Debug|Any CPU
		{58AF3CD6-6A18-45A5-B1E5-98645B63EB6E}.Release|Any CPU.ActiveCfg = Release|Any CPU
		{58AF3CD6-6A18-45A5-B1E5-98645B63EB6E}.Release|Any CPU.Build.0 = Release|Any CPU
		{2AF54423-B022-443F-8088-FD46A1295F29}.Debug|Any CPU.ActiveCfg = Debug|Any CPU
		{2AF54423-B022-443F-8088-FD46A1295F29}.Debug|Any CPU.Build.0 = Debug|Any CPU
		{2AF54423-B022-443F-8088-FD46A1295F29}.Release|Any CPU.ActiveCfg = Release|Any CPU
		{2AF54423-B022-443F-8088-FD46A1295F29}.Release|Any CPU.Build.0 = Release|Any CPU
	EndGlobalSection
	GlobalSection(NestedProjects) = preSolution
		{0B371D72-EECE-4874-AC01-0E1B44AC90E5} = {7680F6F8-CAC3-49AD-A4BD-FF652B1A8B95}
		{FBA2565E-610E-4094-B006-BD58EFC7E96A} = {7680F6F8-CAC3-49AD-A4BD-FF652B1A8B95}
		{5F8F0320-8526-4E29-91EF-BE1AF563E5C5} = {7680F6F8-CAC3-49AD-A4BD-FF652B1A8B95}
		{58AF3CD6-6A18-45A5-B1E5-98645B63EB6E} = {7680F6F8-CAC3-49AD-A4BD-FF652B1A8B95}
		{2AF54423-B022-443F-8088-FD46A1295F29} = {7680F6F8-CAC3-49AD-A4BD-FF652B1A8B95}
	EndGlobalSection
EndGlobal
